
Microsoft Visual Studio Solution File, Format Version 12.00
# Visual Studio Version 17
VisualStudioVersion = 17.7.34221.43
MinimumVisualStudioVersion = 10.0.40219.1
Project("{FAE04EC0-301F-11D3-BF4B-00C04F79EFBC}") = "ECommerceBackend_Aakash", "ECommerceBackend_Aakash\ECommerceBackend_Aakash.csproj", "{94C98F0F-F201-4F30-B58C-5569A77FDB2F}"
EndProject
Project("{FAE04EC0-301F-11D3-BF4B-00C04F79EFBC}") = "ECommerce.DAL", "ECommerce.DAL\ECommerce.DAL.csproj", "{3951A197-A204-48B0-A368-FB0409FC8E66}"
EndProject
Project("{FAE04EC0-301F-11D3-BF4B-00C04F79EFBC}") = "ECommerce.BAL", "ECommerce.BAL\ECommerce.BAL.csproj", "{8CDFA2D1-97EA-4C0A-B165-A67EB17EAB5C}"
EndProject
Global
	GlobalSection(SolutionConfigurationPlatforms) = preSolution
		Debug|Any CPU = Debug|Any CPU
		Release|Any CPU = Release|Any CPU
	EndGlobalSection
	GlobalSection(ProjectConfigurationPlatforms) = postSolution
		{94C98F0F-F201-4F30-B58C-5569A77FDB2F}.Debug|Any CPU.ActiveCfg = Debug|Any CPU
		{94C98F0F-F201-4F30-B58C-5569A77FDB2F}.Debug|Any CPU.Build.0 = Debug|Any CPU
		{94C98F0F-F201-4F30-B58C-5569A77FDB2F}.Release|Any CPU.ActiveCfg = Release|Any CPU
		{94C98F0F-F201-4F30-B58C-5569A77FDB2F}.Release|Any CPU.Build.0 = Release|Any CPU
		{3951A197-A204-48B0-A368-FB0409FC8E66}.Debug|Any CPU.ActiveCfg = Debug|Any CPU
		{3951A197-A204-48B0-A368-FB0409FC8E66}.Debug|Any CPU.Build.0 = Debug|Any CPU
		{3951A197-A204-48B0-A368-FB0409FC8E66}.Release|Any CPU.ActiveCfg = Release|Any CPU
		{3951A197-A204-48B0-A368-FB0409FC8E66}.Release|Any CPU.Build.0 = Release|Any CPU
		{8CDFA2D1-97EA-4C0A-B165-A67EB17EAB5C}.Debug|Any CPU.ActiveCfg = Debug|Any CPU
		{8CDFA2D1-97EA-4C0A-B165-A67EB17EAB5C}.Debug|Any CPU.Build.0 = Debug|Any CPU
		{8CDFA2D1-97EA-4C0A-B165-A67EB17EAB5C}.Release|Any CPU.ActiveCfg = Release|Any CPU
		{8CDFA2D1-97EA-4C0A-B165-A67EB17EAB5C}.Release|Any CPU.Build.0 = Release|Any CPU
	EndGlobalSection
	GlobalSection(SolutionProperties) = preSolution
		HideSolutionNode = FALSE
	EndGlobalSection
	GlobalSection(ExtensibilityGlobals) = postSolution
		SolutionGuid = {A6B519CC-4844-402F-8976-EE9C75572054}
	EndGlobalSection
EndGlobal
